
Microsoft Visual Studio Solution File, Format Version 12.00
# Visual Studio 15
VisualStudioVersion = 15.0.27130.2027
MinimumVisualStudioVersion = 10.0.40219.1
Project("{2150E333-8FDC-42A3-9474-1A3956D46DE8}") = "Solution Items", "Solution Items", "{A3AE5A3F-328C-4C3C-8BFC-DAED5F33CB7E}"
	ProjectSection(SolutionItems) = preProject
		..\README.md = ..\README.md
	EndProjectSection
EndProject
Project("{9A19103F-16F7-4668-BE54-9A1E7A4F7556}") = "dbEnumerator", "dbEnumerator\dbEnumerator.csproj", "{B28D746D-30AC-4A03-8AB9-82E957CAAC40}"
EndProject
Project("{9A19103F-16F7-4668-BE54-9A1E7A4F7556}") = "dbEnumerator.Test", "dbEnumerator.Test\dbEnumerator.Test.csproj", "{C706490F-E631-4149-A975-79F926CCE001}"
EndProject
Project("{9A19103F-16F7-4668-BE54-9A1E7A4F7556}") = "dbEnumerator.UsageSample", "..\samples\dbEnumerator.UsageSample\dbEnumerator.UsageSample.csproj", "{673BBD19-7C2F-4E8A-9F6B-6C10CEB0ABB1}"
EndProject
Global
	GlobalSection(SolutionConfigurationPlatforms) = preSolution
		Debug|Any CPU = Debug|Any CPU
		Release|Any CPU = Release|Any CPU
	EndGlobalSection
	GlobalSection(ProjectConfigurationPlatforms) = postSolution
		{B28D746D-30AC-4A03-8AB9-82E957CAAC40}.Debug|Any CPU.ActiveCfg = Debug|Any CPU
		{B28D746D-30AC-4A03-8AB9-82E957CAAC40}.Debug|Any CPU.Build.0 = Debug|Any CPU
		{B28D746D-30AC-4A03-8AB9-82E957CAAC40}.Release|Any CPU.ActiveCfg = Release|Any CPU
		{B28D746D-30AC-4A03-8AB9-82E957CAAC40}.Release|Any CPU.Build.0 = Release|Any CPU
		{C706490F-E631-4149-A975-79F926CCE001}.Debug|Any CPU.ActiveCfg = Debug|Any CPU
		{C706490F-E631-4149-A975-79F926CCE001}.Debug|Any CPU.Build.0 = Debug|Any CPU
		{C706490F-E631-4149-A975-79F926CCE001}.Release|Any CPU.ActiveCfg = Release|Any CPU
		{C706490F-E631-4149-A975-79F926CCE001}.Release|Any CPU.Build.0 = Release|Any CPU
		{673BBD19-7C2F-4E8A-9F6B-6C10CEB0ABB1}.Debug|Any CPU.ActiveCfg = Debug|Any CPU
		{673BBD19-7C2F-4E8A-9F6B-6C10CEB0ABB1}.Debug|Any CPU.Build.0 = Debug|Any CPU
		{673BBD19-7C2F-4E8A-9F6B-6C10CEB0ABB1}.Release|Any CPU.ActiveCfg = Release|Any CPU
		{673BBD19-7C2F-4E8A-9F6B-6C10CEB0ABB1}.Release|Any CPU.Build.0 = Release|Any CPU
	EndGlobalSection
	GlobalSection(SolutionProperties) = preSolution
		HideSolutionNode = FALSE
	EndGlobalSection
	GlobalSection(ExtensibilityGlobals) = postSolution
		SolutionGuid = {783BB08F-4A58-4B87-9937-872942298969}
	EndGlobalSection
EndGlobal
